
Microsoft Visual Studio Solution File, Format Version 12.00
# Visual Studio Version 16
VisualStudioVersion = 16.0.33529.622
MinimumVisualStudioVersion = 10.0.40219.1
Project("{FAE04EC0-301F-11D3-BF4B-00C04F79EFBC}") = "wpf2", "wpf2.csproj", "{14C7647B-2D39-4F3F-97E5-6915D48AFDBC}"
EndProject
Global
	GlobalSection(SolutionConfigurationPlatforms) = preSolution
		Debug|Any CPU = Debug|Any CPU
		Release|Any CPU = Release|Any CPU
	EndGlobalSection
	GlobalSection(ProjectConfigurationPlatforms) = postSolution
		{14C7647B-2D39-4F3F-97E5-6915D48AFDBC}.Debug|Any CPU.ActiveCfg = Debug|Any CPU
		{14C7647B-2D39-4F3F-97E5-6915D48AFDBC}.Debug|Any CPU.Build.0 = Debug|Any CPU
		{14C7647B-2D39-4F3F-97E5-6915D48AFDBC}.Release|Any CPU.ActiveCfg = Release|Any CPU
		{14C7647B-2D39-4F3F-97E5-6915D48AFDBC}.Release|Any CPU.Build.0 = Release|Any CPU
	EndGlobalSection
	GlobalSection(SolutionProperties) = preSolution
		HideSolutionNode = FALSE
	EndGlobalSection
	GlobalSection(ExtensibilityGlobals) = postSolution
		SolutionGuid = {7D03BF3A-3E75-4679-8EE7-2FE888DC2E4F}
	EndGlobalSection
EndGlobal
